
Microsoft Visual Studio Solution File, Format Version 12.00
# Visual Studio Version 17
VisualStudioVersion = 17.4.33213.308
MinimumVisualStudioVersion = 10.0.40219.1
Project("{FAE04EC0-301F-11D3-BF4B-00C04F79EFBC}") = "HandNote", "HandNote\HandNote.csproj", "{880D34A3-D189-49CC-822C-AEE55EE791C6}"
EndProject
Project("{FAE04EC0-301F-11D3-BF4B-00C04F79EFBC}") = "HandNote.Models", "HandNote.Models\HandNote.Models.csproj", "{C4069555-8CD8-4649-B264-990FCEEBAD1C}"
EndProject
Project("{FAE04EC0-301F-11D3-BF4B-00C04F79EFBC}") = "HandNote.Services", "HandNote.Services\HandNote.Services.csproj", "{8EFBB3F1-03CE-4129-9B48-3842A65C5190}"
EndProject
Global
	GlobalSection(SolutionConfigurationPlatforms) = preSolution
		Debug|Any CPU = Debug|Any CPU
		Release|Any CPU = Release|Any CPU
	EndGlobalSection
	GlobalSection(ProjectConfigurationPlatforms) = postSolution
		{880D34A3-D189-49CC-822C-AEE55EE791C6}.Debug|Any CPU.ActiveCfg = Debug|Any CPU
		{880D34A3-D189-49CC-822C-AEE55EE791C6}.Debug|Any CPU.Build.0 = Debug|Any CPU
		{880D34A3-D189-49CC-822C-AEE55EE791C6}.Release|Any CPU.ActiveCfg = Release|Any CPU
		{880D34A3-D189-49CC-822C-AEE55EE791C6}.Release|Any CPU.Build.0 = Release|Any CPU
		{C4069555-8CD8-4649-B264-990FCEEBAD1C}.Debug|Any CPU.ActiveCfg = Debug|Any CPU
		{C4069555-8CD8-4649-B264-990FCEEBAD1C}.Debug|Any CPU.Build.0 = Debug|Any CPU
		{C4069555-8CD8-4649-B264-990FCEEBAD1C}.Release|Any CPU.ActiveCfg = Release|Any CPU
		{C4069555-8CD8-4649-B264-990FCEEBAD1C}.Release|Any CPU.Build.0 = Release|Any CPU
		{8EFBB3F1-03CE-4129-9B48-3842A65C5190}.Debug|Any CPU.ActiveCfg = Debug|Any CPU
		{8EFBB3F1-03CE-4129-9B48-3842A65C5190}.Debug|Any CPU.Build.0 = Debug|Any CPU
		{8EFBB3F1-03CE-4129-9B48-3842A65C5190}.Release|Any CPU.ActiveCfg = Release|Any CPU
		{8EFBB3F1-03CE-4129-9B48-3842A65C5190}.Release|Any CPU.Build.0 = Release|Any CPU
	EndGlobalSection
	GlobalSection(SolutionProperties) = preSolution
		HideSolutionNode = FALSE
	EndGlobalSection
	GlobalSection(ExtensibilityGlobals) = postSolution
		SolutionGuid = {89DD792C-96B9-4297-B9E0-A84633CCCA7F}
	EndGlobalSection
EndGlobal
